[[package]]
category = "dev"
description = "Atomic file writes."
name = "atomicwrites"
optional = false
python-versions = ">=2.7, !=3.0.*, !=3.1.*, !=3.2.*, !=3.3.*"
version = "1.3.0"

[[package]]
category = "dev"
description = "Classes Without Boilerplate"
name = "attrs"
optional = false
python-versions = "*"
version = "18.2.0"

[[package]]
category = "dev"
description = "Python package for providing Mozilla's CA Bundle."
name = "certifi"
optional = false
python-versions = "*"
version = "2019.3.9"

[[package]]
category = "dev"
description = "Universal encoding detector for Python 2 and 3"
name = "chardet"
optional = false
python-versions = "*"
version = "3.0.4"

[[package]]
category = "dev"
description = "Cross-platform colored terminal text."
marker = "sys_platform == \"win32\""
name = "colorama"
optional = false
python-versions = ">=2.7, !=3.0.*, !=3.1.*, !=3.2.*, !=3.3.*"
version = "0.4.1"

[[package]]
category = "dev"
description = "Internationalized Domain Names in Applications (IDNA)"
name = "idna"
optional = false
python-versions = ">=2.7, !=3.0.*, !=3.1.*, !=3.2.*, !=3.3.*"
version = "2.8"

[[package]]
category = "dev"
description = "Read metadata from Python packages"
name = "importlib-metadata"
optional = false
python-versions = ">=2.7,!=3.0,!=3.1,!=3.2,!=3.3"
version = "0.17"

[package.dependencies]
zipp = ">=0.5"

[[package]]
category = "dev"
description = "More routines for operating on iterables, beyond itertools"
name = "more-itertools"
optional = false
python-versions = ">=3.4"
version = "6.0.0"

[[package]]
category = "main"
description = "A python package to read and edit nbt data"
name = "nbtlib"
optional = false
python-versions = ">=3.6,<4.0"
version = "1.5.0"

[package.dependencies]
numpy = ">=1.16,<2.0"

[[package]]
category = "main"
description = "NumPy is the fundamental package for array computing with Python."
name = "numpy"
optional = false
python-versions = ">=2.7,!=3.0.*,!=3.1.*,!=3.2.*,!=3.3.*"
version = "1.16.1"

[[package]]
category = "dev"
description = "Core utilities for Python packages"
name = "packaging"
optional = false
python-versions = ">=2.7, !=3.0.*, !=3.1.*, !=3.2.*, !=3.3.*"
version = "19.0"

[package.dependencies]
pyparsing = ">=2.0.2"
six = "*"

[[package]]
category = "dev"
description = "plugin and hook calling mechanisms for python"
name = "pluggy"
optional = false
python-versions = ">=2.7, !=3.0.*, !=3.1.*, !=3.2.*, !=3.3.*"
version = "0.12.0"

[package.dependencies]
importlib-metadata = ">=0.12"

[[package]]
category = "dev"
description = "library with cross-python path, ini-parsing, io, code, log facilities"
name = "py"
optional = false
python-versions = ">=2.7, !=3.0.*, !=3.1.*, !=3.2.*, !=3.3.*"
version = "1.7.0"

[[package]]
category = "dev"
description = "Python parsing module"
name = "pyparsing"
optional = false
python-versions = ">=2.6, !=3.0.*, !=3.1.*, !=3.2.*"
version = "2.4.0"

[[package]]
category = "dev"
description = "pytest: simple powerful testing with Python"
name = "pytest"
optional = false
python-versions = ">=3.5"
version = "5.1.0"

[package.dependencies]
atomicwrites = ">=1.0"
attrs = ">=17.4.0"
colorama = "*"
more-itertools = ">=4.0.0"
packaging = "*"
pluggy = ">=0.12,<1.0"
py = ">=1.5.0"
wcwidth = "*"

[package.dependencies.importlib-metadata]
python = "<3.8"
version = ">=0.12"

[[package]]
category = "dev"
description = "Python HTTP for Humans."
name = "requests"
optional = false
python-versions = ">=2.7, !=3.0.*, !=3.1.*, !=3.2.*, !=3.3.*, !=3.4.*"
version = "2.22.0"

[package.dependencies]
certifi = ">=2017.4.17"
chardet = ">=3.0.2,<3.1.0"
idna = ">=2.5,<2.9"
urllib3 = ">=1.21.1,<1.25.0 || >1.25.0,<1.25.1 || >1.25.1,<1.26"

[[package]]
category = "dev"
description = "Python 2 and 3 compatibility utilities"
name = "six"
optional = false
python-versions = ">=2.6, !=3.0.*, !=3.1.*"
version = "1.12.0"

[[package]]
category = "dev"
description = "HTTP library with thread-safe connection pooling, file post, and more."
name = "urllib3"
optional = false
python-versions = ">=2.7, !=3.0.*, !=3.1.*, !=3.2.*, !=3.3.*, <4"
version = "1.24.2"

[[package]]
category = "dev"
description = "Measures number of Terminal column cells of wide-character codes"
name = "wcwidth"
optional = false
python-versions = "*"
version = "0.1.7"

[[package]]
category = "dev"
description = "Backport of pathlib-compatible object wrapper for zip files"
name = "zipp"
optional = false
python-versions = ">=2.7"
version = "0.5.1"

[metadata]
content-hash = "46f51aecf143f94377571b2a325cdfbbb62968acf0cff3e11bee72d42116f575"
python-versions = "^3.7"

[metadata.hashes]
atomicwrites = ["03472c30eb2c5d1ba9227e4c2ca66ab8287fbfbbda3888aa93dc2e28fc6811b4", "75a9445bac02d8d058d5e1fe689654ba5a6556a1dfd8ce6ec55a0ed79866cfa6"]
attrs = ["10cbf6e27dbce8c30807caf056c8eb50917e0eaafe86347671b57254006c3e69", "ca4be454458f9dec299268d472aaa5a11f67a4ff70093396e1ceae9c76cf4bbb"]
certifi = ["59b7658e26ca9c7339e00f8f4636cdfe59d34fa37b9b04f6f9e9926b3cece1a5", "b26104d6835d1f5e49452a26eb2ff87fe7090b89dfcaee5ea2212697e1e1d7ae"]
chardet = ["84ab92ed1c4d4f16916e05906b6b75a6c0fb5db821cc65e70cbd64a3e2a5eaae", "fc323ffcaeaed0e0a02bf4d117757b98aed530d9ed4531e3e15460124c106691"]
colorama = ["05eed71e2e327246ad6b38c540c4a3117230b19679b875190486ddd2d721422d", "f8ac84de7840f5b9c4e3347b3c1eaa50f7e49c2b07596221daec5edaabbd7c48"]
idna = ["c357b3f628cf53ae2c4c05627ecc484553142ca23264e593d327bcde5e9c3407", "ea8b7f6188e6fa117537c3df7da9fc686d485087abf6ac197f9c46432f7e4a3c"]
importlib-metadata = ["a9f185022cfa69e9ca5f7eabfd5a58b689894cb78a11e3c8c89398a8ccbb8e7f", "df1403cd3aebeb2b1dcd3515ca062eecb5bd3ea7611f18cba81130c68707e879"]
more-itertools = ["0125e8f60e9e031347105eb1682cef932f5e97d7b9a1a28d9bf00c22a5daef40", "590044e3942351a1bdb1de960b739ff4ce277960f2425ad4509446dbace8d9d1"]
nbtlib = ["9d836f5a5b65acb627ccf2bef5a2d65672624841906289e74e12d8f4507d31c8", "9e99c21d813a797b4fe1a00371949706577128feea444143fe256411907647e5"]
numpy = ["0cdbbaa30ae69281b18dd995d3079c4e552ad6d5426977f66b9a2a95f11f552a", "2b0cca1049bd39d1879fa4d598624cafe82d35529c72de1b3d528d68031cdd95", "31d3fe5b673e99d33d70cfee2ea8fe8dccd60f265c3ed990873a88647e3dd288", "34dd4922aab246c39bf5df03ca653d6265e65971deca6784c956bf356bca6197", "384e2dfa03da7c8d54f8f934f61b6a5e4e1ebb56a65b287567629d6c14578003", "392e2ea22b41a22c0289a88053204b616181288162ba78e6823e1760309d5277", "4341a39fc085f31a583be505eabf00e17c619b469fef78dc7e8241385bfddaa4", "45080f065dcaa573ebecbfe13cdd86e8c0a68c4e999aa06bd365374ea7137706", "485cb1eb4c9962f4cd042fed9424482ec1d83fee5dc2ef3f2552ac47852cb259", "575cefd28d3e0da85b0864506ae26b06483ee4a906e308be5a7ad11083f9d757", "62784b35df7de7ca4d0d81c5b6af5983f48c5cdef32fc3635b445674e56e3266", "69c152f7c11bf3b4fc11bc4cc62eb0334371c0db6844ebace43b7c815b602805", "6ccfdcefd287f252cf1ea7a3f1656070da330c4a5658e43ad223269165cdf977", "7298fbd73c0b3eff1d53dc9b9bdb7add8797bb55eeee38c8ccd7906755ba28af", "79463d918d1bf3aeb9186e3df17ddb0baca443f41371df422f99ee94f4f2bbfe", "8bbee788d82c0ac656536de70e817af09b7694f5326b0ef08e5c1014fcb96bb3", "a863957192855c4c57f60a75a1ac06ce5362ad18506d362dd807e194b4baf3ce", "ae602ba425fb2b074e16d125cdce4f0194903da935b2e7fe284ebecca6d92e76", "b13faa258b20fa66d29011f99fdf498641ca74a0a6d9266bc27d83c70fea4a6a", "c2c39d69266621dd7464e2bb740d6eb5abc64ddc339cc97aa669f3bb4d75c103", "e9c88f173d31909d881a60f08a8494e63f1aff2a4052476b24d4f50e82c47e24", "f1a29267ac29fff0913de0f11f3a9edfcd3f39595f467026c29376fad243ebe3", "f69dde0c5a137d887676a8129373e44366055cf19d1b434e853310c7a1e68f93"]
packaging = ["0c98a5d0be38ed775798ece1b9727178c4469d9c3b4ada66e8e6b7849f8732af", "9e1cbf8c12b1f1ce0bb5344b8d7ecf66a6f8a6e91bcb0c84593ed6d3ab5c4ab3"]
pluggy = ["0825a152ac059776623854c1543d65a4ad408eb3d33ee114dff91e57ec6ae6fc", "b9817417e95936bf75d85d3f8767f7df6cdde751fc40aed3bb3074cbcb77757c"]
py = ["bf92637198836372b520efcba9e020c330123be8ce527e535d185ed4b6f45694", "e76826342cefe3c3d5f7e8ee4316b80d1dd8a300781612ddbc765c17ba25a6c6"]
pyparsing = ["1873c03321fc118f4e9746baf201ff990ceb915f433f23b395f5580d1840cb2a", "9b6323ef4ab914af344ba97510e966d64ba91055d6b9afa6b30799340e89cc03"]
pytest = ["3805d095f1ea279b9870c3eeae5dddf8a81b10952c8835cd628cf1875b0ef031", "abc562321c2d190dd63c2faadf70b86b7af21a553b61f0df5f5e1270717dc5a3"]
requests = ["11e007a8a2aa0323f5a921e9e6a2d7e4e67d9877e85773fba9ba6419025cbeb4", "9cf5292fcd0f598c671cfc1e0d7d1a7f13bb8085e9a590f48c010551dc6c4b31"]
six = ["3350809f0555b11f552448330d0b52d5f24c91a322ea4a15ef22629740f3761c", "d16a0141ec1a18405cd4ce8b4613101da75da0e9a7aec5bdd4fa804d0e0eba73"]
urllib3 = ["4c291ca23bbb55c76518905869ef34bdd5f0e46af7afe6861e8375643ffee1a0", "9a247273df709c4fedb38c711e44292304f73f39ab01beda9f6b9fc375669ac3"]
wcwidth = ["3df37372226d6e63e1b1e1eda15c594bca98a22d33a23832a90998faa96bc65e", "f4ebe71925af7b40a864553f761ed559b43544f8f71746c2d756c7fe788ade7c"]
zipp = ["8c1019c6aad13642199fbe458275ad6a84907634cc9f0989877ccc4a2840139d", "ca943a7e809cc12257001ccfb99e3563da9af99d52f261725e96dfe0f9275bc3"]
