[[package]]
name = "atomicwrites"
version = "1.1.5"
description = "Atomic file writes."
category = "dev"
optional = false
python-versions = "*"
platform = "UNKNOWN"

[[package]]
name = "attrs"
version = "18.1.0"
description = "Classes Without Boilerplate"
category = "dev"
optional = false
python-versions = "*"
platform = "*"

[[package]]
name = "colorama"
version = "0.3.9"
description = "Cross-platform colored terminal text."
category = "dev"
optional = false
python-versions = "*"
platform = "UNKNOWN"

[package.requirements]
platform = "win32"
[[package]]
name = "more-itertools"
version = "4.2.0"
description = "More routines for operating on iterables, beyond itertools"
category = "dev"
optional = false
python-versions = "*"
platform = "*"

[package.dependencies]
six = ">=1.0.0,<2.0.0"
[[package]]
name = "pluggy"
version = "0.6.0"
description = "plugin and hook calling mechanisms for python"
category = "dev"
optional = false
python-versions = ">=2.7, !=3.0.*, !=3.1.*, !=3.2.*, !=3.3.*"
platform = "unix"

[[package]]
name = "py"
version = "1.5.3"
description = "library with cross-python path, ini-parsing, io, code, log facilities"
category = "dev"
optional = false
python-versions = ">=2.7, !=3.0.*, !=3.1.*, !=3.2.*, !=3.3.*"
platform = "unix"

[[package]]
name = "pytest"
version = "3.6.1"
description = "pytest: simple powerful testing with Python"
category = "dev"
optional = false
python-versions = ">=2.7, !=3.0.*, !=3.1.*, !=3.2.*, !=3.3.*"
platform = "unix"

[package.dependencies]
colorama = "*"
pluggy = ">=0.5,<0.7"
atomicwrites = ">=1.0"
more-itertools = ">=4.0.0"
attrs = ">=17.4.0"
setuptools = "*"
six = ">=1.10.0"
py = ">=1.5.0"
[[package]]
name = "setuptools"
version = "39.2.0"
description = "Easily download, build, install, upgrade, and uninstall Python packages"
category = "dev"
optional = false
python-versions = ">=2.7,!=3.0.*,!=3.1.*,!=3.2.*"
platform = "*"

[[package]]
name = "six"
version = "1.11.0"
description = "Python 2 and 3 compatibility utilities"
category = "dev"
optional = false
python-versions = "*"
platform = "*"

[metadata]
python-versions = "^3.6"
platform = "*"
content-hash = "0bd926079af2f019f04de8fa1ea134791d7340096b8dc4fe17cd46bb3d5e7b0f"

[metadata.hashes]
atomicwrites = [ "a24da68318b08ac9c9c45029f4a10371ab5b20e4226738e150e6e7c571630ae6", "240831ea22da9ab882b551b31d4225591e5e447a68c5e188db5b89ca1d487585",]
attrs = [ "4b90b09eeeb9b88c35bc642cbac057e45a5fd85367b985bd2809c62b7b939265", "e0d0eb91441a3b53dab4d9b743eafc1ac44476296a2053b6ca3af0b139faf87b",]
colorama = [ "463f8483208e921368c9f306094eb6f725c6ca42b0f97e313cb5d5512459feda", "48eb22f4f8461b1df5734a074b57042430fb06e1d61bd1e11b078c0fe6d7a1f1",]
more-itertools = [ "a18d870ef2ffca2b8463c0070ad17b5978056f403fb64e3f15fe62a52db21cc0", "6703844a52d3588f951883005efcf555e49566a48afd4db4e965d69b883980d3", "2b6b9893337bfd9166bee6a62c2b0c9fe7735dcf85948b387ec8cba30e85d8e8",]
pluggy = [ "d345c8fe681115900d6da8d048ba67c25df42973bda370783cd58826442dcd7c", "e160a7fcf25762bb60efc7e171d4497ff1d8d2d75a3d0df7a21b76821ecbf5c5", "7f8ae7f5bdf75671a718d2daf0a64b7885f74510bcd98b1a0bb420eb9a9d0cff",]
py = [ "983f77f3331356039fdd792e9220b7b8ee1aa6bd2b25f567a963ff1de5a64f6a", "29c9fab495d7528e80ba1e343b958684f4ace687327e6f789a94bf3d1915f881",]
pytest = [ "26838b2bc58620e01675485491504c3aa7ee0faf335c37fcd5f8731ca4319591", "32c49a69566aa7c333188149ad48b58ac11a426d5352ea3d8f6ce843f88199cb",]
setuptools = [ "8fca9275c89964f13da985c3656cb00ba029d7f3916b37990927ffdf264e7926", "f7cddbb5f5c640311eb00eab6e849f7701fa70bf6a183fc8a2c33dd1d1672fb2",]
six = [ "832dc0e10feb1aa2c68dcc57dbb658f1c7e65b9b61af69048abc87a2db00a0eb", "70e8a77beed4562e7f14fe23a786b54f6296e34344c23bc42f07b15018ff98e9",]
